hash: 8793477ebb44d55142acfedfc6739c8083b0292d4c04cfd981675df6b1c65b73
updated: 2016-10-02T21:38:48.935901005-04:00
imports:
- name: bitbucket.org/zombiezen/gopdf
  version: 1c63dc69751bc45441c2ce1f56b631c55294b4d5
  subpackages:
  - pdf
- name: github.com/ajstarks/svgo
  version: 672fe547df4e49efc6db67a74391368bcb149b37
- name: github.com/alecthomas/template
  version: a0175ee3bccc567396460bf5acd36800cb10c49c
  subpackages:
  - parse
- name: github.com/alecthomas/units
  version: 2efee857e7cfd4f3d0138cc3cbb1b4966962b93a
- name: github.com/disintegration/imaging
  version: 5b7e22645c93e3f3911b36b7d66bf8799f3eddfd
- name: github.com/dlion/goImgur
  version: 132b780dc8316aac23570f843a4deee9803358fb
- name: github.com/garyburd/redigo
  version: 8873b2f1995f59d4bcdd2b0dc9858e2cb9bf0c13
  subpackages:
  - internal
  - redis
- name: github.com/gizak/termui
  version: 23b25db08316d51303b96a02edebae1649136565
- name: github.com/golang/freetype
  version: 38b4c392adc5eed94207994c4848fff99f4ac234
  subpackages:
  - raster
  - truetype
- name: github.com/gonum/floats
  version: e7dfbda930c8a40d6d1ba9107762aae3e6e47591
- name: github.com/gonum/internal
  version: 495c8ab446bf60264be32be6973302faac6a5695
  subpackages:
  - asm
- name: github.com/gonum/plot
  version: 5d72a5b2b142ffcf1ea8775811535daebc795ca9
  subpackages:
  - palette
  - plotter
  - plotutil
  - vg
  - vg/draw
  - vg/fonts
  - vg/vgeps
  - vg/vgimg
  - vg/vgpdf
  - vg/vgsvg
- name: github.com/klauspost/compress
  version: d0763f13d86e630f5d3ea9fa848a6ecc68255297
  subpackages:
  - flate
  - gzip
  - zlib
- name: github.com/klauspost/cpuid
  version: 09cded8978dc9e80714c4d85b0322337b0a1e5e0
- name: github.com/klauspost/crc32
  version: 19b0b332c9e4516a6370a0456e6182c3b5036720
- name: github.com/llgcode/draw2d
  version: 13548be874707c45a83f9c2c282d76d671c7acf8
  subpackages:
  - draw2dbase
  - draw2dimg
- name: github.com/mattn/go-runewidth
  version: d6bea18f789704b5f83375793155289da36a3c7f
- name: github.com/valyala/fasthttp
  version: d42167fd04f636e20b005e9934159e95454233c7
  subpackages:
  - fasthttputil
- name: golang.org/x/image
  version: 112f99633204ef0d08331ea410378b44a4bdde9e
  subpackages:
  - bmp
  - draw
  - font
  - math/f64
  - math/fixed
  - tiff
  - tiff/lzw
- name: gopkg.in/alecthomas/kingpin.v2
  version: e9044be3ab2a8e11d4e1f418d12f0790d57e8d70
- name: gopkg.in/bsm/ratelimit.v1
  version: db14e161995a5177acef654cb0dd785e8ee8bc22
- name: gopkg.in/redis.v4
  version: 5a272d03b960a72c61e5025a7d6e8da5d8815442
  subpackages:
  - internal
  - internal/consistenthash
  - internal/errors
  - internal/hashtag
  - internal/pool
  - internal/proto
testImports: []
