hash: ae38623929b880e6bee692950dba207ba1372411f0c7f8defa7e89332c7ed254
updated: 2016-09-12T01:58:09.631921246-04:00
imports:
- name: github.com/ajstarks/svgo
  version: 672fe547df4e49efc6db67a74391368bcb149b37
- name: github.com/dlion/goImgur
  version: 132b780dc8316aac23570f843a4deee9803358fb
- name: github.com/gizak/termui
  version: 23b25db08316d51303b96a02edebae1649136565
- name: github.com/gonum/plot
  version: 5d72a5b2b142ffcf1ea8775811535daebc795ca9
- name: github.com/mattn/go-runewidth
  version: d6bea18f789704b5f83375793155289da36a3c7f
- name: golang.org/x/image
  version: 112f99633204ef0d08331ea410378b44a4bdde9e
  subpackages:
  - draw
- name: gopkg.in/alecthomas/kingpin.v2
  version: e9044be3ab2a8e11d4e1f418d12f0790d57e8d70
testImports: []
